
Microsoft Visual Studio Solution File, Format Version 12.00
# Visual Studio Version 17
VisualStudioVersion = 17.5.33414.496
MinimumVisualStudioVersion = 10.0.40219.1
Project("{FAE04EC0-301F-11D3-BF4B-00C04F79EFBC}") = "Winterhold.DataAccess", "src\Winterhold.DataAccess\Winterhold.DataAccess.csproj", "{A19A5EBF-2F0F-46AF-845F-B94091942365}"
EndProject
Project("{FAE04EC0-301F-11D3-BF4B-00C04F79EFBC}") = "Winterhold.Business", "src\Winterhold.Business\Winterhold.Business.csproj", "{D747C7FC-AEA2-481C-BD91-DF8E7FBB2621}"
EndProject
Project("{FAE04EC0-301F-11D3-BF4B-00C04F79EFBC}") = "Winterhold.Presentation.Web", "src\Winterhold.Presentation.Web\Winterhold.Presentation.Web.csproj", "{D1EB5D51-B582-49A8-9468-F48CED3A36C7}"
EndProject
Global
	GlobalSection(SolutionConfigurationPlatforms) = preSolution
		Debug|Any CPU = Debug|Any CPU
		Release|Any CPU = Release|Any CPU
	EndGlobalSection
	GlobalSection(ProjectConfigurationPlatforms) = postSolution
		{A19A5EBF-2F0F-46AF-845F-B94091942365}.Debug|Any CPU.ActiveCfg = Debug|Any CPU
		{A19A5EBF-2F0F-46AF-845F-B94091942365}.Debug|Any CPU.Build.0 = Debug|Any CPU
		{A19A5EBF-2F0F-46AF-845F-B94091942365}.Release|Any CPU.ActiveCfg = Release|Any CPU
		{A19A5EBF-2F0F-46AF-845F-B94091942365}.Release|Any CPU.Build.0 = Release|Any CPU
		{D747C7FC-AEA2-481C-BD91-DF8E7FBB2621}.Debug|Any CPU.ActiveCfg = Debug|Any CPU
		{D747C7FC-AEA2-481C-BD91-DF8E7FBB2621}.Debug|Any CPU.Build.0 = Debug|Any CPU
		{D747C7FC-AEA2-481C-BD91-DF8E7FBB2621}.Release|Any CPU.ActiveCfg = Release|Any CPU
		{D747C7FC-AEA2-481C-BD91-DF8E7FBB2621}.Release|Any CPU.Build.0 = Release|Any CPU
		{D1EB5D51-B582-49A8-9468-F48CED3A36C7}.Debug|Any CPU.ActiveCfg = Debug|Any CPU
		{D1EB5D51-B582-49A8-9468-F48CED3A36C7}.Debug|Any CPU.Build.0 = Debug|Any CPU
		{D1EB5D51-B582-49A8-9468-F48CED3A36C7}.Release|Any CPU.ActiveCfg = Release|Any CPU
		{D1EB5D51-B582-49A8-9468-F48CED3A36C7}.Release|Any CPU.Build.0 = Release|Any CPU
	EndGlobalSection
	GlobalSection(SolutionProperties) = preSolution
		HideSolutionNode = FALSE
	EndGlobalSection
	GlobalSection(ExtensibilityGlobals) = postSolution
		SolutionGuid = {9E931092-D126-4B9F-A957-2A99EBEBC735}
	EndGlobalSection
EndGlobal
